<?xml version="1.0" encoding="utf-8"?>
<Project ToolsVersion="4.0" xmlns="http://schemas.microsoft.com/developer/msbuild/2003">
  <ItemGroup>
    <Filter Include="源文件">
      <UniqueIdentifier>{4FC737F1-C7A5-4376-A066-2A32D752A2FF}</UniqueIdentifier>
      <Extensions>cpp;c;cc;cxx;def;odl;idl;hpj;bat;asm;asmx</Extensions>
    </Filter>
    <Filter Include="头文件">
      <UniqueIdentifier>{93995380-89BD-4b04-88EB-625FBE52EBFB}</UniqueIdentifier>
      <Extensions>h;hpp;hxx;hm;inl;inc;xsd</Extensions>
    </Filter>
    <Filter Include="资源文件">
      <UniqueIdentifier>{67DA6AB6-F800-4c08-8B7A-83BB121AAD01}</UniqueIdentifier>
      <Extensions>rc;ico;cur;bmp;dlg;rc2;rct;bin;rgs;gif;jpg;jpeg;jpe;resx;tiff;tif;png;wav;mfcribbon-ms</Extensions>
    </Filter>
    <Filter Include="源文件\ECC_Lib">
      <UniqueIdentifier>{f7647f68-b4f2-4d0c-8d5c-3f5cea0c46fa}</UniqueIdentifier>
    </Filter>
  </ItemGroup>
  <ItemGroup>
    <None Include="ReadMe.txt" />
    <None Include="res\Serial.rc2">
      <Filter>资源文件</Filter>
    </None>
    <None Include="res\Serial.ico">
      <Filter>资源文件</Filter>
    </None>
    <None Include="res\button_hover.bmp">
      <Filter>资源文件</Filter>
    </None>
    <None Include="res\button_normal.bmp">
      <Filter>资源文件</Filter>
    </None>
    <None Include="res\button_pushed.bmp">
      <Filter>资源文件</Filter>
    </None>
    <None Include="res\bottom_banner.bmp">
      <Filter>资源文件</Filter>
    </None>
    <None Include="res\midow.bmp">
      <Filter>资源文件</Filter>
    </None>
    <None Include="res\top_bannaer.bmp">
      <Filter>资源文件</Filter>
    </None>
    <None Include="res\bitmap1.bmp">
      <Filter>资源文件</Filter>
    </None>
    <None Include="ClassDiagram1.cd" />
    <None Include="res\toolbar1.bmp">
      <Filter>资源文件</Filter>
    </None>
    <None Include="res\Kombine_toolbar_015.bmp">
      <Filter>资源文件</Filter>
    </None>
    <None Include="res\Kombine_toolbar_033.bmp">
      <Filter>资源文件</Filter>
    </None>
    <None Include="res\icon1.ico">
      <Filter>资源文件</Filter>
    </None>
  </ItemGroup>
  <ItemGroup>
    <ClInclude Include="Serial.h">
      <Filter>头文件</Filter>
    </ClInclude>
    <ClInclude Include="SerialDlg.h">
      <Filter>头文件</Filter>
    </ClInclude>
    <ClInclude Include="stdafx.h">
      <Filter>头文件</Filter>
    </ClInclude>
    <ClInclude Include="targetver.h">
      <Filter>头文件</Filter>
    </ClInclude>
    <ClInclude Include="Resource.h">
      <Filter>头文件</Filter>
    </ClInclude>
    <ClInclude Include="PcCommand.h">
      <Filter>头文件</Filter>
    </ClInclude>
    <ClInclude Include="PwdRFDlg.h">
      <Filter>头文件</Filter>
    </ClInclude>
    <ClInclude Include="dataType.h">
      <Filter>头文件</Filter>
    </ClInclude>
    <ClInclude Include="SleepTagDlg.h">
      <Filter>头文件</Filter>
    </ClInclude>
    <ClInclude Include="XPButton.h">
      <Filter>头文件</Filter>
    </ClInclude>
    <ClInclude Include="RegisterTagDlg.h">
      <Filter>头文件</Filter>
    </ClInclude>
    <ClInclude Include="ReaderManageDlg.h">
      <Filter>头文件</Filter>
    </ClInclude>
    <ClInclude Include="makeECDH.h">
      <Filter>头文件</Filter>
    </ClInclude>
    <ClInclude Include="makeKey.h">
      <Filter>头文件</Filter>
    </ClInclude>
    <ClInclude Include="debug.h">
      <Filter>头文件</Filter>
    </ClInclude>
    <ClInclude Include="MsgEventID.h">
      <Filter>头文件</Filter>
    </ClInclude>
    <ClInclude Include="SetSocketDlg.h">
      <Filter>头文件</Filter>
    </ClInclude>
    <ClInclude Include="ReaderTestDlg.h">
      <Filter>头文件</Filter>
    </ClInclude>
    <ClInclude Include="TestSingleCmd.h">
      <Filter>头文件</Filter>
    </ClInclude>
    <ClInclude Include="Page1.h">
      <Filter>头文件</Filter>
    </ClInclude>
    <ClInclude Include="Page2.h">
      <Filter>头文件</Filter>
    </ClInclude>
    <ClInclude Include="Page3.h">
      <Filter>头文件</Filter>
    </ClInclude>
  </ItemGroup>
  <ItemGroup>
    <ClCompile Include="Serial.cpp">
      <Filter>源文件</Filter>
    </ClCompile>
    <ClCompile Include="SerialDlg.cpp">
      <Filter>源文件</Filter>
    </ClCompile>
    <ClCompile Include="stdafx.cpp">
      <Filter>源文件</Filter>
    </ClCompile>
    <ClCompile Include="PwdRFDlg.cpp">
      <Filter>源文件</Filter>
    </ClCompile>
    <ClCompile Include="SleepTagDlg.cpp">
      <Filter>源文件</Filter>
    </ClCompile>
    <ClCompile Include="XPButton.cpp">
      <Filter>源文件</Filter>
    </ClCompile>
    <ClCompile Include="RegisterTagDlg.cpp">
      <Filter>源文件</Filter>
    </ClCompile>
    <ClCompile Include="makeKey.cpp">
      <Filter>源文件</Filter>
    </ClCompile>
    <ClCompile Include="makeECDH.cpp">
      <Filter>源文件</Filter>
    </ClCompile>
    <ClCompile Include="ECC_Lib\burn_stack.c">
      <Filter>源文件\ECC_Lib</Filter>
    </ClCompile>
    <ClCompile Include="ECC_Lib\crypt_argchk.c">
      <Filter>源文件\ECC_Lib</Filter>
    </ClCompile>
    <ClCompile Include="ECC_Lib\crypt_find_hash.c">
      <Filter>源文件\ECC_Lib</Filter>
    </ClCompile>
    <ClCompile Include="ECC_Lib\crypt_hash_descriptor.c">
      <Filter>源文件\ECC_Lib</Filter>
    </ClCompile>
    <ClCompile Include="ECC_Lib\crypt_hash_is_valid.c">
      <Filter>源文件\ECC_Lib</Filter>
    </ClCompile>
    <ClCompile Include="ECC_Lib\crypt_prng_is_valid.c">
      <Filter>源文件\ECC_Lib</Filter>
    </ClCompile>
    <ClCompile Include="ECC_Lib\crypt_register_hash.c">
      <Filter>源文件\ECC_Lib</Filter>
    </ClCompile>
    <ClCompile Include="ECC_Lib\crypt_register_prng.c">
      <Filter>源文件\ECC_Lib</Filter>
    </ClCompile>
    <ClCompile Include="ECC_Lib\der_decode_bit_string.c">
      <Filter>源文件\ECC_Lib</Filter>
    </ClCompile>
    <ClCompile Include="ECC_Lib\der_decode_choice.c">
      <Filter>源文件\ECC_Lib</Filter>
    </ClCompile>
    <ClCompile Include="ECC_Lib\der_decode_ia5_string.c">
      <Filter>源文件\ECC_Lib</Filter>
    </ClCompile>
    <ClCompile Include="ECC_Lib\der_decode_integer.c">
      <Filter>源文件\ECC_Lib</Filter>
    </ClCompile>
    <ClCompile Include="ECC_Lib\der_decode_object_identifier.c">
      <Filter>源文件\ECC_Lib</Filter>
    </ClCompile>
    <ClCompile Include="ECC_Lib\der_decode_octet_string.c">
      <Filter>源文件\ECC_Lib</Filter>
    </ClCompile>
    <ClCompile Include="ECC_Lib\der_decode_printable_string.c">
      <Filter>源文件\ECC_Lib</Filter>
    </ClCompile>
    <ClCompile Include="ECC_Lib\der_decode_sequence.c">
      <Filter>源文件\ECC_Lib</Filter>
    </ClCompile>
    <ClCompile Include="ECC_Lib\der_decode_sequence_multi.c">
      <Filter>源文件\ECC_Lib</Filter>
    </ClCompile>
    <ClCompile Include="ECC_Lib\der_decode_short_integer.c">
      <Filter>源文件\ECC_Lib</Filter>
    </ClCompile>
    <ClCompile Include="ECC_Lib\der_decode_utctime.c">
      <Filter>源文件\ECC_Lib</Filter>
    </ClCompile>
    <ClCompile Include="ECC_Lib\der_encode_bit_string.c">
      <Filter>源文件\ECC_Lib</Filter>
    </ClCompile>
    <ClCompile Include="ECC_Lib\der_encode_ia5_string.c">
      <Filter>源文件\ECC_Lib</Filter>
    </ClCompile>
    <ClCompile Include="ECC_Lib\der_encode_integer.c">
      <Filter>源文件\ECC_Lib</Filter>
    </ClCompile>
    <ClCompile Include="ECC_Lib\der_encode_object_identifier.c">
      <Filter>源文件\ECC_Lib</Filter>
    </ClCompile>
    <ClCompile Include="ECC_Lib\der_encode_octet_string.c">
      <Filter>源文件\ECC_Lib</Filter>
    </ClCompile>
    <ClCompile Include="ECC_Lib\der_encode_printable_string.c">
      <Filter>源文件\ECC_Lib</Filter>
    </ClCompile>
    <ClCompile Include="ECC_Lib\der_encode_sequence.c">
      <Filter>源文件\ECC_Lib</Filter>
    </ClCompile>
    <ClCompile Include="ECC_Lib\der_encode_sequence_multi.c">
      <Filter>源文件\ECC_Lib</Filter>
    </ClCompile>
    <ClCompile Include="ECC_Lib\der_encode_short_integer.c">
      <Filter>源文件\ECC_Lib</Filter>
    </ClCompile>
    <ClCompile Include="ECC_Lib\der_encode_utctime.c">
      <Filter>源文件\ECC_Lib</Filter>
    </ClCompile>
    <ClCompile Include="ECC_Lib\der_length_bit_string.c">
      <Filter>源文件\ECC_Lib</Filter>
    </ClCompile>
    <ClCompile Include="ECC_Lib\der_length_ia5_string.c">
      <Filter>源文件\ECC_Lib</Filter>
    </ClCompile>
    <ClCompile Include="ECC_Lib\der_length_integer.c">
      <Filter>源文件\ECC_Lib</Filter>
    </ClCompile>
    <ClCompile Include="ECC_Lib\der_length_object_identifier.c">
      <Filter>源文件\ECC_Lib</Filter>
    </ClCompile>
    <ClCompile Include="ECC_Lib\der_length_octet_string.c">
      <Filter>源文件\ECC_Lib</Filter>
    </ClCompile>
    <ClCompile Include="ECC_Lib\der_length_printable_string.c">
      <Filter>源文件\ECC_Lib</Filter>
    </ClCompile>
    <ClCompile Include="ECC_Lib\der_length_sequence.c">
      <Filter>源文件\ECC_Lib</Filter>
    </ClCompile>
    <ClCompile Include="ECC_Lib\der_length_short_integer.c">
      <Filter>源文件\ECC_Lib</Filter>
    </ClCompile>
    <ClCompile Include="ECC_Lib\der_length_utctime.c">
      <Filter>源文件\ECC_Lib</Filter>
    </ClCompile>
    <ClCompile Include="ECC_Lib\ecc.c">
      <Filter>源文件\ECC_Lib</Filter>
    </ClCompile>
    <ClCompile Include="ECC_Lib\error_to_string.c">
      <Filter>源文件\ECC_Lib</Filter>
    </ClCompile>
    <ClCompile Include="ECC_Lib\hash_memory.c">
      <Filter>源文件\ECC_Lib</Filter>
    </ClCompile>
    <ClCompile Include="ECC_Lib\is_prime.c">
      <Filter>源文件\ECC_Lib</Filter>
    </ClCompile>
    <ClCompile Include="ECC_Lib\md5.c">
      <Filter>源文件\ECC_Lib</Filter>
    </ClCompile>
    <ClCompile Include="ECC_Lib\mpi.c">
      <Filter>源文件\ECC_Lib</Filter>
    </ClCompile>
    <ClCompile Include="ECC_Lib\mpi_to_ltc_error.c">
      <Filter>源文件\ECC_Lib</Filter>
    </ClCompile>
    <ClCompile Include="ECC_Lib\rc4.c">
      <Filter>源文件\ECC_Lib</Filter>
    </ClCompile>
    <ClCompile Include="ECC_Lib\zeromem.c">
      <Filter>源文件\ECC_Lib</Filter>
    </ClCompile>
    <ClCompile Include="ReaderManageDlg.cpp">
      <Filter>源文件</Filter>
    </ClCompile>
    <ClCompile Include="OnSize.cpp">
      <Filter>源文件</Filter>
    </ClCompile>
    <ClCompile Include="SetSocketDlg.cpp">
      <Filter>源文件</Filter>
    </ClCompile>
    <ClCompile Include="ReaderTestDlg.cpp">
      <Filter>源文件</Filter>
    </ClCompile>
    <ClCompile Include="TestSingleCmd.cpp">
      <Filter>源文件</Filter>
    </ClCompile>
    <ClCompile Include="Page1.cpp">
      <Filter>源文件</Filter>
    </ClCompile>
    <ClCompile Include="Page2.cpp">
      <Filter>源文件</Filter>
    </ClCompile>
    <ClCompile Include="Page3.cpp">
      <Filter>源文件</Filter>
    </ClCompile>
  </ItemGroup>
  <ItemGroup>
    <ResourceCompile Include="Serial.rc">
      <Filter>资源文件</Filter>
    </ResourceCompile>
  </ItemGroup>
</Project>